// !$*UTF8*$!
{
	archiveVersion = 1;
	classes = {
	};
	objectVersion = 56;
	objects = {

/* Begin PBXBuildFile section */
		4438F00B2905D21200DF4613 /* TestW20.mlpackage in Sources */ = {isa = PBXBuildFile; fileRef = 4438F00A2905D21200DF4613 /* TestW20.mlpackage */; };
		4438F00F2905D5BB00DF4613 /* new_mobile_model.mlmodel in Sources */ = {isa = PBXBuildFile; fileRef = 4438F00E2905D5BB00DF4613 /* new_mobile_model.mlmodel */; };
		4438F0112906890800DF4613 /* LearnMoreView.swift in Sources */ = {isa = PBXBuildFile; fileRef = 4438F0102906890800DF4613 /* LearnMoreView.swift */; };
		4438F013290693B000DF4613 /* DiseaseDetailView.swift in Sources */ = {isa = PBXBuildFile; fileRef = 4438F012290693B000DF4613 /* DiseaseDetailView.swift */; };
		44492213290306CD00329C09 /* AppButton.swift in Sources */ = {isa = PBXBuildFile; fileRef = 44492212290306CD00329C09 /* AppButton.swift */; };
		444922152903073A00329C09 /* AppNavigationButton.swift in Sources */ = {isa = PBXBuildFile; fileRef = 444922142903073A00329C09 /* AppNavigationButton.swift */; };
		444922172903078200329C09 /* AppModal.swift in Sources */ = {isa = PBXBuildFile; fileRef = 444922162903078200329C09 /* AppModal.swift */; };
		44492219290307E800329C09 /* AppBlur.swift in Sources */ = {isa = PBXBuildFile; fileRef = 44492218290307E800329C09 /* AppBlur.swift */; };
		4459F6682904785600AF666B /* PhotoPicker.swift in Sources */ = {isa = PBXBuildFile; fileRef = 4459F6672904785600AF666B /* PhotoPicker.swift */; };
		44C311C62906C15000471C23 /* PythonKit in Frameworks */ = {isa = PBXBuildFile; productRef = 44C311C52906C15000471C23 /* PythonKit */; };
		44C3658428F74E47007B9868 /* SkinScannerApp.swift in Sources */ = {isa = PBXBuildFile; fileRef = 44C3658328F74E47007B9868 /* SkinScannerApp.swift */; };
		44C3658628F74E47007B9868 /* ContentView.swift in Sources */ = {isa = PBXBuildFile; fileRef = 44C3658528F74E47007B9868 /* ContentView.swift */; };
		44C3658828F74E49007B9868 /* Assets.xcassets in Resources */ = {isa = PBXBuildFile; fileRef = 44C3658728F74E49007B9868 /* Assets.xcassets */; };
		44C3658B28F74E49007B9868 /* Preview Assets.xcassets in Resources */ = {isa = PBXBuildFile; fileRef = 44C3658A28F74E49007B9868 /* Preview Assets.xcassets */; };
		44C3659228F76E73007B9868 /* Onboarding.swift in Sources */ = {isa = PBXBuildFile; fileRef = 44C3659128F76E73007B9868 /* Onboarding.swift */; };
		44C3659728F82961007B9868 /* UIImage+Extensions.swift in Sources */ = {isa = PBXBuildFile; fileRef = 44C3659628F82961007B9868 /* UIImage+Extensions.swift */; };
		44C4847B290371DF009442ED /* SelectImageView.swift in Sources */ = {isa = PBXBuildFile; fileRef = 44C4847A290371DF009442ED /* SelectImageView.swift */; };
		44C4848029037B7A009442ED /* HomeView.swift in Sources */ = {isa = PBXBuildFile; fileRef = 44C4847F29037B7A009442ED /* HomeView.swift */; };
		44C48482290382C5009442ED /* HistoryView.swift in Sources */ = {isa = PBXBuildFile; fileRef = 44C48481290382C5009442ED /* HistoryView.swift */; };
		44C4848529038B6B009442ED /* Disease.swift in Sources */ = {isa = PBXBuildFile; fileRef = 44C4848429038B6B009442ED /* Disease.swift */; };
		44C4848729044C10009442ED /* mobile_model.mlmodel in Sources */ = {isa = PBXBuildFile; fileRef = 44C4848629044C10009442ED /* mobile_model.mlmodel */; };
		44C4848929044C6E009442ED /* ResultView.swift in Sources */ = {isa = PBXBuildFile; fileRef = 44C4848829044C6E009442ED /* ResultView.swift */; };
		44C4848C2904695C009442ED /* MLMultiArray+UIImage.swift in Sources */ = {isa = PBXBuildFile; fileRef = 44C4848B2904695C009442ED /* MLMultiArray+UIImage.swift */; };
		44C4848E29046FE2009442ED /* MultiArray+Helpers.swift in Sources */ = {isa = PBXBuildFile; fileRef = 44C4848D29046FE2009442ED /* MultiArray+Helpers.swift */; };
		44C484902904714C009442ED /* MobileNetV2.mlmodel in Sources */ = {isa = PBXBuildFile; fileRef = 44C4848F2904714C009442ED /* MobileNetV2.mlmodel */; };
/* End PBXBuildFile section */

/* Begin PBXFileReference section */
		4438F00A2905D21200DF4613 /* TestW20.mlpackage */ = {isa = PBXFileReference; lastKnownFileType = folder.mlpackage; path = TestW20.mlpackage; sourceTree = "<group>"; };
		4438F00E2905D5BB00DF4613 /* new_mobile_model.mlmodel */ = {isa = PBXFileReference; lastKnownFileType = file.mlmodel; path = new_mobile_model.mlmodel; sourceTree = "<group>"; };
		4438F0102906890800DF4613 /* LearnMoreView.swift */ = {isa = PBXFileReference; lastKnownFileType = sourcecode.swift; path = LearnMoreView.swift; sourceTree = "<group>"; };
		4438F012290693B000DF4613 /* DiseaseDetailView.swift */ = {isa = PBXFileReference; lastKnownFileType = sourcecode.swift; path = DiseaseDetailView.swift; sourceTree = "<group>"; };
		44492212290306CD00329C09 /* AppButton.swift */ = {isa = PBXFileReference; lastKnownFileType = sourcecode.swift; path = AppButton.swift; sourceTree = "<group>"; };
		444922142903073A00329C09 /* AppNavigationButton.swift */ = {isa = PBXFileReference; lastKnownFileType = sourcecode.swift; path = AppNavigationButton.swift; sourceTree = "<group>"; };
		444922162903078200329C09 /* AppModal.swift */ = {isa = PBXFileReference; lastKnownFileType = sourcecode.swift; path = AppModal.swift; sourceTree = "<group>"; };
		44492218290307E800329C09 /* AppBlur.swift */ = {isa = PBXFileReference; lastKnownFileType = sourcecode.swift; path = AppBlur.swift; sourceTree = "<group>"; };
		4459F6672904785600AF666B /* PhotoPicker.swift */ = {isa = PBXFileReference; lastKnownFileType = sourcecode.swift; path = PhotoPicker.swift; sourceTree = "<group>"; };
		44C3658028F74E47007B9868 /* SkinScanner.app */ = {isa = PBXFileReference; explicitFileType = wrapper.application; includeInIndex = 0; path = SkinScanner.app; sourceTree = BUILT_PRODUCTS_DIR; };
		44C3658328F74E47007B9868 /* SkinScannerApp.swift */ = {isa = PBXFileReference; lastKnownFileType = sourcecode.swift; path = SkinScannerApp.swift; sourceTree = "<group>"; };
		44C3658528F74E47007B9868 /* ContentView.swift */ = {isa = PBXFileReference; lastKnownFileType = sourcecode.swift; path = ContentView.swift; sourceTree = "<group>"; };
		44C3658728F74E49007B9868 /* Assets.xcassets */ = {isa = PBXFileReference; lastKnownFileType = folder.assetcatalog; path = Assets.xcassets; sourceTree = "<group>"; };
		44C3658A28F74E49007B9868 /* Preview Assets.xcassets */ = {isa = PBXFileReference; lastKnownFileType = folder.assetcatalog; path = "Preview Assets.xcassets"; sourceTree = "<group>"; };
		44C3659128F76E73007B9868 /* Onboarding.swift */ = {isa = PBXFileReference; lastKnownFileType = sourcecode.swift; path = Onboarding.swift; sourceTree = "<group>"; };
		44C3659628F82961007B9868 /* UIImage+Extensions.swift */ = {isa = PBXFileReference; lastKnownFileType = sourcecode.swift; path = "UIImage+Extensions.swift"; sourceTree = "<group>"; };
		44C4847A290371DF009442ED /* SelectImageView.swift */ = {isa = PBXFileReference; lastKnownFileType = sourcecode.swift; path = SelectImageView.swift; sourceTree = "<group>"; };
		44C4847F29037B7A009442ED /* HomeView.swift */ = {isa = PBXFileReference; lastKnownFileType = sourcecode.swift; path = HomeView.swift; sourceTree = "<group>"; };
		44C48481290382C5009442ED /* HistoryView.swift */ = {isa = PBXFileReference; lastKnownFileType = sourcecode.swift; path = HistoryView.swift; sourceTree = "<group>"; };
		44C4848429038B6B009442ED /* Disease.swift */ = {isa = PBXFileReference; lastKnownFileType = sourcecode.swift; path = Disease.swift; sourceTree = "<group>"; };
		44C4848629044C10009442ED /* mobile_model.mlmodel */ = {isa = PBXFileReference; lastKnownFileType = file.mlmodel; path = mobile_model.mlmodel; sourceTree = "<group>"; };
		44C4848829044C6E009442ED /* ResultView.swift */ = {isa = PBXFileReference; lastKnownFileType = sourcecode.swift; path = ResultView.swift; sourceTree = "<group>"; };
		44C4848B2904695C009442ED /* MLMultiArray+UIImage.swift */ = {isa = PBXFileReference; lastKnownFileType = sourcecode.swift; path = "MLMultiArray+UIImage.swift"; sourceTree = "<group>"; };
		44C4848D29046FE2009442ED /* MultiArray+Helpers.swift */ = {isa = PBXFileReference; lastKnownFileType = sourcecode.swift; path = "MultiArray+Helpers.swift"; sourceTree = "<group>"; };
		44C4848F2904714C009442ED /* MobileNetV2.mlmodel */ = {isa = PBXFileReference; lastKnownFileType = file.mlmodel; path = MobileNetV2.mlmodel; sourceTree = "<group>"; };
/* End PBXFileReference section */

/* Begin PBXFrameworksBuildPhase section */
		44C3657D28F74E47007B9868 /* Frameworks */ = {
			isa = PBXFrameworksBuildPhase;
			buildActionMask = 2147483647;
			files = (
				44C311C62906C15000471C23 /* PythonKit in Frameworks */,
			);
			runOnlyForDeploymentPostprocessing = 0;
		};
/* End PBXFrameworksBuildPhase section */

/* Begin PBXGroup section */
		44492211290306AB00329C09 /* Components */ = {
			isa = PBXGroup;
			children = (
				44492218290307E800329C09 /* AppBlur.swift */,
				44492212290306CD00329C09 /* AppButton.swift */,
				444922142903073A00329C09 /* AppNavigationButton.swift */,
				444922162903078200329C09 /* AppModal.swift */,
				4459F6672904785600AF666B /* PhotoPicker.swift */,
			);
			path = Components;
			sourceTree = "<group>";
		};
		44C3657728F74E47007B9868 = {
			isa = PBXGroup;
			children = (
				44C3658228F74E47007B9868 /* SkinScanner */,
				44C3658128F74E47007B9868 /* Products */,
			);
			sourceTree = "<group>";
		};
		44C3658128F74E47007B9868 /* Products */ = {
			isa = PBXGroup;
			children = (
				44C3658028F74E47007B9868 /* SkinScanner.app */,
			);
			name = Products;
			sourceTree = "<group>";
		};
		44C3658228F74E47007B9868 /* SkinScanner */ = {
			isa = PBXGroup;
			children = (
				44C4848F2904714C009442ED /* MobileNetV2.mlmodel */,
				4438F00A2905D21200DF4613 /* TestW20.mlpackage */,
				44C4848629044C10009442ED /* mobile_model.mlmodel */,
				4438F00E2905D5BB00DF4613 /* new_mobile_model.mlmodel */,
				44C4848329038B48009442ED /* Model */,
				44492211290306AB00329C09 /* Components */,
				44C3658328F74E47007B9868 /* SkinScannerApp.swift */,
				44C3658728F74E49007B9868 /* Assets.xcassets */,
				44C3659328F76EEF007B9868 /* Views */,
				44C4848A290468CB009442ED /* Helpers */,
				44C3658928F74E49007B9868 /* Preview Content */,
			);
			path = SkinScanner;
			sourceTree = "<group>";
		};
		44C3658928F74E49007B9868 /* Preview Content */ = {
			isa = PBXGroup;
			children = (
				44C3658A28F74E49007B9868 /* Preview Assets.xcassets */,
			);
			path = "Preview Content";
			sourceTree = "<group>";
		};
		44C3659328F76EEF007B9868 /* Views */ = {
			isa = PBXGroup;
			children = (
				44C3658528F74E47007B9868 /* ContentView.swift */,
				44C3659128F76E73007B9868 /* Onboarding.swift */,
				44C4847A290371DF009442ED /* SelectImageView.swift */,
				44C4847F29037B7A009442ED /* HomeView.swift */,
				44C48481290382C5009442ED /* HistoryView.swift */,
				44C4848829044C6E009442ED /* ResultView.swift */,
				4438F0102906890800DF4613 /* LearnMoreView.swift */,
				4438F012290693B000DF4613 /* DiseaseDetailView.swift */,
			);
			name = Views;
			sourceTree = "<group>";
		};
		44C4848329038B48009442ED /* Model */ = {
			isa = PBXGroup;
			children = (
				44C4848429038B6B009442ED /* Disease.swift */,
			);
			path = Model;
			sourceTree = "<group>";
		};
		44C4848A290468CB009442ED /* Helpers */ = {
			isa = PBXGroup;
			children = (
				44C3659628F82961007B9868 /* UIImage+Extensions.swift */,
				44C4848B2904695C009442ED /* MLMultiArray+UIImage.swift */,
				44C4848D29046FE2009442ED /* MultiArray+Helpers.swift */,
			);
			path = Helpers;
			sourceTree = "<group>";
		};
/* End PBXGroup section */

/* Begin PBXNativeTarget section */
		44C3657F28F74E47007B9868 /* SkinScanner */ = {
			isa = PBXNativeTarget;
			buildConfigurationList = 44C3658E28F74E49007B9868 /* Build configuration list for PBXNativeTarget "SkinScanner" */;
			buildPhases = (
				44C3657C28F74E47007B9868 /* Sources */,
				44C3657D28F74E47007B9868 /* Frameworks */,
				44C3657E28F74E47007B9868 /* Resources */,
			);
			buildRules = (
			);
			dependencies = (
			);
			name = SkinScanner;
			packageProductDependencies = (
				44C311C52906C15000471C23 /* PythonKit */,
			);
			productName = SkinScanner;
			productReference = 44C3658028F74E47007B9868 /* SkinScanner.app */;
			productType = "com.apple.product-type.application";
		};
/* End PBXNativeTarget section */

/* Begin PBXProject section */
		44C3657828F74E47007B9868 /* Project object */ = {
			isa = PBXProject;
			attributes = {
				BuildIndependentTargetsInParallel = 1;
				LastSwiftUpdateCheck = 1400;
				LastUpgradeCheck = 1400;
				TargetAttributes = {
					44C3657F28F74E47007B9868 = {
						CreatedOnToolsVersion = 14.0.1;
					};
				};
			};
			buildConfigurationList = 44C3657B28F74E47007B9868 /* Build configuration list for PBXProject "SkinScanner" */;
			compatibilityVersion = "Xcode 14.0";
			developmentRegion = en;
			hasScannedForEncodings = 0;
			knownRegions = (
				en,
				Base,
			);
			mainGroup = 44C3657728F74E47007B9868;
			packageReferences = (
				44C311C42906C15000471C23 /* XCRemoteSwiftPackageReference "PythonKit" */,
			);
			productRefGroup = 44C3658128F74E47007B9868 /* Products */;
			projectDirPath = "";
			projectRoot = "";
			targets = (
				44C3657F28F74E47007B9868 /* SkinScanner */,
			);
		};
/* End PBXProject section */

/* Begin PBXResourcesBuildPhase section */
		44C3657E28F74E47007B9868 /* Resources */ = {
			isa = PBXResourcesBuildPhase;
			buildActionMask = 2147483647;
			files = (
				44C3658B28F74E49007B9868 /* Preview Assets.xcassets in Resources */,
				44C3658828F74E49007B9868 /* Assets.xcassets in Resources */,
			);
			runOnlyForDeploymentPostprocessing = 0;
		};
/* End PBXResourcesBuildPhase section */

/* Begin PBXSourcesBuildPhase section */
		44C3657C28F74E47007B9868 /* Sources */ = {
			isa = PBXSourcesBuildPhase;
			buildActionMask = 2147483647;
			files = (
				44C3659228F76E73007B9868 /* Onboarding.swift in Sources */,
				4438F00F2905D5BB00DF4613 /* new_mobile_model.mlmodel in Sources */,
				4438F0112906890800DF4613 /* LearnMoreView.swift in Sources */,
				4438F00B2905D21200DF4613 /* TestW20.mlpackage in Sources */,
				4438F013290693B000DF4613 /* DiseaseDetailView.swift in Sources */,
				44C48482290382C5009442ED /* HistoryView.swift in Sources */,
				4459F6682904785600AF666B /* PhotoPicker.swift in Sources */,
				44C3658628F74E47007B9868 /* ContentView.swift in Sources */,
				44C3659728F82961007B9868 /* UIImage+Extensions.swift in Sources */,
				44C484902904714C009442ED /* MobileNetV2.mlmodel in Sources */,
				44492213290306CD00329C09 /* AppButton.swift in Sources */,
				44C4848929044C6E009442ED /* ResultView.swift in Sources */,
				44C4848029037B7A009442ED /* HomeView.swift in Sources */,
				44C4848C2904695C009442ED /* MLMultiArray+UIImage.swift in Sources */,
				44492219290307E800329C09 /* AppBlur.swift in Sources */,
				44C4848529038B6B009442ED /* Disease.swift in Sources */,
				444922152903073A00329C09 /* AppNavigationButton.swift in Sources */,
				44C4848E29046FE2009442ED /* MultiArray+Helpers.swift in Sources */,
				44C4848729044C10009442ED /* mobile_model.mlmodel in Sources */,
				44C3658428F74E47007B9868 /* SkinScannerApp.swift in Sources */,
				44C4847B290371DF009442ED /* SelectImageView.swift in Sources */,
				444922172903078200329C09 /* AppModal.swift in Sources */,
			);
			runOnlyForDeploymentPostprocessing = 0;
		};
/* End PBXSourcesBuildPhase section */

/* Begin XCBuildConfiguration section */
		44C3658C28F74E49007B9868 /* Debug */ = {
			isa = XCBuildConfiguration;
			buildSettings = {
				ALWAYS_SEARCH_USER_PATHS = NO;
				CLANG_ANALYZER_NONNULL = YES;
				CLANG_ANALYZER_NUMBER_OBJECT_CONVERSION = YES_AGGRESSIVE;
				CLANG_CXX_LANGUAGE_STANDARD = "gnu++20";
				CLANG_ENABLE_MODULES = YES;
				CLANG_ENABLE_OBJC_ARC = YES;
				CLANG_ENABLE_OBJC_WEAK = YES;
				CLANG_WARN_BLOCK_CAPTURE_AUTORELEASING = YES;
				CLANG_WARN_BOOL_CONVERSION = YES;
				CLANG_WARN_COMMA = YES;
				CLANG_WARN_CONSTANT_CONVERSION = YES;
				CLANG_WARN_DEPRECATED_OBJC_IMPLEMENTATIONS = YES;
				CLANG_WARN_DIRECT_OBJC_ISA_USAGE = YES_ERROR;
				CLANG_WARN_DOCUMENTATION_COMMENTS = YES;
				CLANG_WARN_EMPTY_BODY = YES;
				CLANG_WARN_ENUM_CONVERSION = YES;
				CLANG_WARN_INFINITE_RECURSION = YES;
				CLANG_WARN_INT_CONVERSION = YES;
				CLANG_WARN_NON_LITERAL_NULL_CONVERSION = YES;
				CLANG_WARN_OBJC_IMPLICIT_RETAIN_SELF = YES;
				CLANG_WARN_OBJC_LITERAL_CONVERSION = YES;
				CLANG_WARN_OBJC_ROOT_CLASS = YES_ERROR;
				CLANG_WARN_QUOTED_INCLUDE_IN_FRAMEWORK_HEADER = YES;
				CLANG_WARN_RANGE_LOOP_ANALYSIS = YES;
				CLANG_WARN_STRICT_PROTOTYPES = YES;
				CLANG_WARN_SUSPICIOUS_MOVE = YES;
				CLANG_WARN_UNGUARDED_AVAILABILITY = YES_AGGRESSIVE;
				CLANG_WARN_UNREACHABLE_CODE = YES;
				CLANG_WARN__DUPLICATE_METHOD_MATCH = YES;
				COPY_PHASE_STRIP = NO;
				DEBUG_INFORMATION_FORMAT = dwarf;
				ENABLE_STRICT_OBJC_MSGSEND = YES;
				ENABLE_TESTABILITY = YES;
				GCC_C_LANGUAGE_STANDARD = gnu11;
				GCC_DYNAMIC_NO_PIC = NO;
				GCC_NO_COMMON_BLOCKS = YES;
				GCC_OPTIMIZATION_LEVEL = 0;
				GCC_PREPROCESSOR_DEFINITIONS = (
					"DEBUG=1",
					"$(inherited)",
				);
				GCC_WARN_64_TO_32_BIT_CONVERSION = YES;
				GCC_WARN_ABOUT_RETURN_TYPE = YES_ERROR;
				GCC_WARN_UNDECLARED_SELECTOR = YES;
				GCC_WARN_UNINITIALIZED_AUTOS = YES_AGGRESSIVE;
				GCC_WARN_UNUSED_FUNCTION = YES;
				GCC_WARN_UNUSED_VARIABLE = YES;
				IPHONEOS_DEPLOYMENT_TARGET = 16.0;
				MTL_ENABLE_DEBUG_INFO = INCLUDE_SOURCE;
				MTL_FAST_MATH = YES;
				ONLY_ACTIVE_ARCH = YES;
				SDKROOT = iphoneos;
				SWIFT_ACTIVE_COMPILATION_CONDITIONS = DEBUG;
				SWIFT_OPTIMIZATION_LEVEL = "-Onone";
			};
			name = Debug;
		};
		44C3658D28F74E49007B9868 /* Release */ = {
			isa = XCBuildConfiguration;
			buildSettings = {
				ALWAYS_SEARCH_USER_PATHS = NO;
				CLANG_ANALYZER_NONNULL = YES;
				CLANG_ANALYZER_NUMBER_OBJECT_CONVERSION = YES_AGGRESSIVE;
				CLANG_CXX_LANGUAGE_STANDARD = "gnu++20";
				CLANG_ENABLE_MODULES = YES;
				CLANG_ENABLE_OBJC_ARC = YES;
				CLANG_ENABLE_OBJC_WEAK = YES;
				CLANG_WARN_BLOCK_CAPTURE_AUTORELEASING = YES;
				CLANG_WARN_BOOL_CONVERSION = YES;
				CLANG_WARN_COMMA = YES;
				CLANG_WARN_CONSTANT_CONVERSION = YES;
				CLANG_WARN_DEPRECATED_OBJC_IMPLEMENTATIONS = YES;
				CLANG_WARN_DIRECT_OBJC_ISA_USAGE = YES_ERROR;
				CLANG_WARN_DOCUMENTATION_COMMENTS = YES;
				CLANG_WARN_EMPTY_BODY = YES;
				CLANG_WARN_ENUM_CONVERSION = YES;
				CLANG_WARN_INFINITE_RECURSION = YES;
				CLANG_WARN_INT_CONVERSION = YES;
				CLANG_WARN_NON_LITERAL_NULL_CONVERSION = YES;
				CLANG_WARN_OBJC_IMPLICIT_RETAIN_SELF = YES;
				CLANG_WARN_OBJC_LITERAL_CONVERSION = YES;
				CLANG_WARN_OBJC_ROOT_CLASS = YES_ERROR;
				CLANG_WARN_QUOTED_INCLUDE_IN_FRAMEWORK_HEADER = YES;
				CLANG_WARN_RANGE_LOOP_ANALYSIS = YES;
				CLANG_WARN_STRICT_PROTOTYPES = YES;
				CLANG_WARN_SUSPICIOUS_MOVE = YES;
				CLANG_WARN_UNGUARDED_AVAILABILITY = YES_AGGRESSIVE;
				CLANG_WARN_UNREACHABLE_CODE = YES;
				CLANG_WARN__DUPLICATE_METHOD_MATCH = YES;
				COPY_PHASE_STRIP = NO;
				DEBUG_INFORMATION_FORMAT = "dwarf-with-dsym";
				ENABLE_NS_ASSERTIONS = NO;
				ENABLE_STRICT_OBJC_MSGSEND = YES;
				GCC_C_LANGUAGE_STANDARD = gnu11;
				GCC_NO_COMMON_BLOCKS = YES;
				GCC_WARN_64_TO_32_BIT_CONVERSION = YES;
				GCC_WARN_ABOUT_RETURN_TYPE = YES_ERROR;
				GCC_WARN_UNDECLARED_SELECTOR = YES;
				GCC_WARN_UNINITIALIZED_AUTOS = YES_AGGRESSIVE;
				GCC_WARN_UNUSED_FUNCTION = YES;
				GCC_WARN_UNUSED_VARIABLE = YES;
				IPHONEOS_DEPLOYMENT_TARGET = 16.0;
				MTL_ENABLE_DEBUG_INFO = NO;
				MTL_FAST_MATH = YES;
				SDKROOT = iphoneos;
				SWIFT_COMPILATION_MODE = wholemodule;
				SWIFT_OPTIMIZATION_LEVEL = "-O";
				VALIDATE_PRODUCT = YES;
			};
			name = Release;
		};
		44C3658F28F74E49007B9868 /* Debug */ = {
			isa = XCBuildConfiguration;
			buildSettings = {
				ASSETCATALOG_COMPILER_APPICON_NAME = AppIcon;
				ASSETCATALOG_COMPILER_GLOBAL_ACCENT_COLOR_NAME = AccentColor;
				CODE_SIGN_STYLE = Automatic;
				CURRENT_PROJECT_VERSION = 1;
				DEVELOPMENT_ASSET_PATHS = "\"SkinScanner/Preview Content\"";
				DEVELOPMENT_TEAM = PST723S8CA;
				ENABLE_PREVIEWS = YES;
				GENERATE_INFOPLIST_FILE = YES;
				INFOPLIST_KEY_UIApplicationSceneManifest_Generation = YES;
				INFOPLIST_KEY_UIApplicationSupportsIndirectInputEvents = YES;
				INFOPLIST_KEY_UILaunchScreen_Generation = YES;
				INFOPLIST_KEY_UISupportedInterfaceOrientations_iPad = "UIInterfaceOrientationPortrait UIInterfaceOrientationPortraitUpsideDown UIInterfaceOrientationLandscapeLeft UIInterfaceOrientationLandscapeRight";
				INFOPLIST_KEY_UISupportedInterfaceOrientations_iPhone = "UIInterfaceOrientationPortrait UIInterfaceOrientationLandscapeLeft UIInterfaceOrientationLandscapeRight";
				LD_RUNPATH_SEARCH_PATHS = (
					"$(inherited)",
					"@executable_path/Frameworks",
				);
				MARKETING_VERSION = 1.0;
				PRODUCT_BUNDLE_IDENTIFIER = vitoria.pinheiro.SkinScanner;
				PRODUCT_NAME = "$(TARGET_NAME)";
				SWIFT_EMIT_LOC_STRINGS = YES;
				SWIFT_VERSION = 5.0;
				TARGETED_DEVICE_FAMILY = "1,2";
			};
			name = Debug;
		};
		44C3659028F74E49007B9868 /* Release */ = {
			isa = XCBuildConfiguration;
			buildSettings = {
				ASSETCATALOG_COMPILER_APPICON_NAME = AppIcon;
				ASSETCATALOG_COMPILER_GLOBAL_ACCENT_COLOR_NAME = AccentColor;
				CODE_SIGN_STYLE = Automatic;
				CURRENT_PROJECT_VERSION = 1;
				DEVELOPMENT_ASSET_PATHS = "\"SkinScanner/Preview Content\"";
				DEVELOPMENT_TEAM = PST723S8CA;
				ENABLE_PREVIEWS = YES;
				GENERATE_INFOPLIST_FILE = YES;
				INFOPLIST_KEY_UIApplicationSceneManifest_Generation = YES;
				INFOPLIST_KEY_UIApplicationSupportsIndirectInputEvents = YES;
				INFOPLIST_KEY_UILaunchScreen_Generation = YES;
				INFOPLIST_KEY_UISupportedInterfaceOrientations_iPad = "UIInterfaceOrientationPortrait UIInterfaceOrientationPortraitUpsideDown UIInterfaceOrientationLandscapeLeft UIInterfaceOrientationLandscapeRight";
				INFOPLIST_KEY_UISupportedInterfaceOrientations_iPhone = "UIInterfaceOrientationPortrait UIInterfaceOrientationLandscapeLeft UIInterfaceOrientationLandscapeRight";
				LD_RUNPATH_SEARCH_PATHS = (
					"$(inherited)",
					"@executable_path/Frameworks",
				);
				MARKETING_VERSION = 1.0;
				PRODUCT_BUNDLE_IDENTIFIER = vitoria.pinheiro.SkinScanner;
				PRODUCT_NAME = "$(TARGET_NAME)";
				SWIFT_EMIT_LOC_STRINGS = YES;
				SWIFT_VERSION = 5.0;
				TARGETED_DEVICE_FAMILY = "1,2";
			};
			name = Release;
		};
/* End XCBuildConfiguration section */

/* Begin XCConfigurationList section */
		44C3657B28F74E47007B9868 /* Build configuration list for PBXProject "SkinScanner" */ = {
			isa = XCConfigurationList;
			buildConfigurations = (
				44C3658C28F74E49007B9868 /* Debug */,
				44C3658D28F74E49007B9868 /* Release */,
			);
			defaultConfigurationIsVisible = 0;
			defaultConfigurationName = Release;
		};
		44C3658E28F74E49007B9868 /* Build configuration list for PBXNativeTarget "SkinScanner" */ = {
			isa = XCConfigurationList;
			buildConfigurations = (
				44C3658F28F74E49007B9868 /* Debug */,
				44C3659028F74E49007B9868 /* Release */,
			);
			defaultConfigurationIsVisible = 0;
			defaultConfigurationName = Release;
		};
/* End XCConfigurationList section */

/* Begin XCRemoteSwiftPackageReference section */
		44C311C42906C15000471C23 /* XCRemoteSwiftPackageReference "PythonKit" */ = {
			isa = XCRemoteSwiftPackageReference;
			repositoryURL = "https://github.com/pvieito/PythonKit.git";
			requirement = {
				branch = master;
				kind = branch;
			};
		};
/* End XCRemoteSwiftPackageReference section */

/* Begin XCSwiftPackageProductDependency section */
		44C311C52906C15000471C23 /* PythonKit */ = {
			isa = XCSwiftPackageProductDependency;
			package = 44C311C42906C15000471C23 /* XCRemoteSwiftPackageReference "PythonKit" */;
			productName = PythonKit;
		};
/* End XCSwiftPackageProductDependency section */
	};
	rootObject = 44C3657828F74E47007B9868 /* Project object */;
}
